
Microsoft Visual Studio Solution File, Format Version 12.00
# Visual Studio Version 17
VisualStudioVersion = 17.6.33815.320
MinimumVisualStudioVersion = 10.0.40219.1
Project("{9A19103F-16F7-4668-BE54-9A1E7A4F7556}") = "Trarizon.Toolkit.Deemo", "Trarizon.Toolkit.Deemo\Trarizon.Toolkit.Deemo.csproj", "{14FC61CB-F6E9-444B-B40A-B949099F960F}"
EndProject
Project("{9A19103F-16F7-4668-BE54-9A1E7A4F7556}") = "Trarizon.Toolkit.Deemo.InfoFileGenerator", "Trarizon.Toolkit.Deemo.InfoFileGenerator\Trarizon.Toolkit.Deemo.InfoFileGenerator.csproj", "{4E4C978A-BB78-4169-B2F2-977A35E8C879}"
EndProject
Project("{9A19103F-16F7-4668-BE54-9A1E7A4F7556}") = "Trarizon.Toolkit.Deemo.Commands", "Trarizon.Toolkit.Deemo.Commands\Trarizon.Toolkit.Deemo.Commands.csproj", "{5627A4AB-D4C4-45D6-9D74-172581FA29E9}"
EndProject
Project("{2150E333-8FDC-42A3-9474-1A3956D46DE8}") = "解决方案项", "解决方案项", "{1698D55F-A203-4AD5-8D1B-6983434B9B54}"
	ProjectSection(SolutionItems) = preProject
		README.md = README.md
	EndProjectSection
EndProject
Project("{9A19103F-16F7-4668-BE54-9A1E7A4F7556}") = "Trarizon.Toolkit.Deemo.Algorithm", "Trarizon.Toolkit.Deemo.Algorithm\Trarizon.Toolkit.Deemo.Algorithm.csproj", "{3FB490B3-EF6A-449D-92AF-358044B5230E}"
EndProject
Project("{9A19103F-16F7-4668-BE54-9A1E7A4F7556}") = "Trarizon.Toolkit.Deemo.Tester", "Trarizon.Toolkit.Deemo.Tester\Trarizon.Toolkit.Deemo.Tester.csproj", "{280FD48B-8915-44B2-A0CA-1F93B3EC70AC}"
EndProject
Project("{2150E333-8FDC-42A3-9474-1A3956D46DE8}") = "libs", "libs", "{4882DCF4-672B-4225-A8AC-DB9CFFA3791D}"
	ProjectSection(SolutionItems) = preProject
		libs\Trarizon.Library.Collections.dll = libs\Trarizon.Library.Collections.dll
		libs\Trarizon.Library.dll = libs\Trarizon.Library.dll
	EndProjectSection
EndProject
Global
	GlobalSection(SolutionConfigurationPlatforms) = preSolution
		Debug|Any CPU = Debug|Any CPU
		Release|Any CPU = Release|Any CPU
	EndGlobalSection
	GlobalSection(ProjectConfigurationPlatforms) = postSolution
		{14FC61CB-F6E9-444B-B40A-B949099F960F}.Debug|Any CPU.ActiveCfg = Debug|Any CPU
		{14FC61CB-F6E9-444B-B40A-B949099F960F}.Debug|Any CPU.Build.0 = Debug|Any CPU
		{14FC61CB-F6E9-444B-B40A-B949099F960F}.Release|Any CPU.ActiveCfg = Release|Any CPU
		{14FC61CB-F6E9-444B-B40A-B949099F960F}.Release|Any CPU.Build.0 = Release|Any CPU
		{4E4C978A-BB78-4169-B2F2-977A35E8C879}.Debug|Any CPU.ActiveCfg = Debug|Any CPU
		{4E4C978A-BB78-4169-B2F2-977A35E8C879}.Debug|Any CPU.Build.0 = Debug|Any CPU
		{4E4C978A-BB78-4169-B2F2-977A35E8C879}.Release|Any CPU.ActiveCfg = Release|Any CPU
		{4E4C978A-BB78-4169-B2F2-977A35E8C879}.Release|Any CPU.Build.0 = Release|Any CPU
		{5627A4AB-D4C4-45D6-9D74-172581FA29E9}.Debug|Any CPU.ActiveCfg = Debug|Any CPU
		{5627A4AB-D4C4-45D6-9D74-172581FA29E9}.Debug|Any CPU.Build.0 = Debug|Any CPU
		{5627A4AB-D4C4-45D6-9D74-172581FA29E9}.Release|Any CPU.ActiveCfg = Release|Any CPU
		{5627A4AB-D4C4-45D6-9D74-172581FA29E9}.Release|Any CPU.Build.0 = Release|Any CPU
		{3FB490B3-EF6A-449D-92AF-358044B5230E}.Debug|Any CPU.ActiveCfg = Debug|Any CPU
		{3FB490B3-EF6A-449D-92AF-358044B5230E}.Debug|Any CPU.Build.0 = Debug|Any CPU
		{3FB490B3-EF6A-449D-92AF-358044B5230E}.Release|Any CPU.ActiveCfg = Release|Any CPU
		{3FB490B3-EF6A-449D-92AF-358044B5230E}.Release|Any CPU.Build.0 = Release|Any CPU
		{280FD48B-8915-44B2-A0CA-1F93B3EC70AC}.Debug|Any CPU.ActiveCfg = Debug|Any CPU
		{280FD48B-8915-44B2-A0CA-1F93B3EC70AC}.Debug|Any CPU.Build.0 = Debug|Any CPU
		{280FD48B-8915-44B2-A0CA-1F93B3EC70AC}.Release|Any CPU.ActiveCfg = Release|Any CPU
		{280FD48B-8915-44B2-A0CA-1F93B3EC70AC}.Release|Any CPU.Build.0 = Release|Any CPU
	EndGlobalSection
	GlobalSection(SolutionProperties) = preSolution
		HideSolutionNode = FALSE
	EndGlobalSection
	GlobalSection(NestedProjects) = preSolution
		{4882DCF4-672B-4225-A8AC-DB9CFFA3791D} = {1698D55F-A203-4AD5-8D1B-6983434B9B54}
	EndGlobalSection
	GlobalSection(ExtensibilityGlobals) = postSolution
		SolutionGuid = {DA0A24E8-8974-4583-AB69-CBAF86F920C1}
	EndGlobalSection
EndGlobal
