
Microsoft Visual Studio Solution File, Format Version 12.00
# Visual Studio Version 17
VisualStudioVersion = 17.6.33815.320
MinimumVisualStudioVersion = 10.0.40219.1
Project("{9A19103F-16F7-4668-BE54-9A1E7A4F7556}") = "Trarizon.Toolkit.Deemo", "Trarizon.Toolkit.Deemo\Trarizon.Toolkit.Deemo.csproj", "{14FC61CB-F6E9-444B-B40A-B949099F960F}"
EndProject
Project("{9A19103F-16F7-4668-BE54-9A1E7A4F7556}") = "Trarizon.Toolkit.Deemo.Commands", "Trarizon.Toolkit.Deemo.Commands\Trarizon.Toolkit.Deemo.Commands.csproj", "{5627A4AB-D4C4-45D6-9D74-172581FA29E9}"
EndProject
Project("{2150E333-8FDC-42A3-9474-1A3956D46DE8}") = "解决方案项", "解决方案项", "{1698D55F-A203-4AD5-8D1B-6983434B9B54}"
	ProjectSection(SolutionItems) = preProject
		README.md = README.md
	EndProjectSection
EndProject
Project("{9A19103F-16F7-4668-BE54-9A1E7A4F7556}") = "Trarizon.Toolkit.Deemo.Algorithm", "Trarizon.Toolkit.Deemo.Algorithm\Trarizon.Toolkit.Deemo.Algorithm.csproj", "{3FB490B3-EF6A-449D-92AF-358044B5230E}"
EndProject
Project("{9A19103F-16F7-4668-BE54-9A1E7A4F7556}") = "Trarizon.Toolkit.Deemo.Tester", "Trarizon.Toolkit.Deemo.Tester\Trarizon.Toolkit.Deemo.Tester.csproj", "{280FD48B-8915-44B2-A0CA-1F93B3EC70AC}"
EndProject
Project("{9A19103F-16F7-4668-BE54-9A1E7A4F7556}") = "Trarizon.Toolkit.Deemo.InfoFileGenerator", "Trarizon.Toolkit.Deemo.InfoFileGenerator\Trarizon.Toolkit.Deemo.InfoFileGenerator\Trarizon.Toolkit.Deemo.InfoFileGenerator.csproj", "{69ED3167-4C54-443D-9F94-3A3CEF8F2DCF}"
EndProject
Global
	GlobalSection(SolutionConfigurationPlatforms) = preSolution
		Debug|Any CPU = Debug|Any CPU
		Debug|ARM64 = Debug|ARM64
		Debug|x64 = Debug|x64
		Debug|x86 = Debug|x86
		Release|Any CPU = Release|Any CPU
		Release|ARM64 = Release|ARM64
		Release|x64 = Release|x64
		Release|x86 = Release|x86
	EndGlobalSection
	GlobalSection(ProjectConfigurationPlatforms) = postSolution
		{14FC61CB-F6E9-444B-B40A-B949099F960F}.Debug|Any CPU.ActiveCfg = Debug|Any CPU
		{14FC61CB-F6E9-444B-B40A-B949099F960F}.Debug|Any CPU.Build.0 = Debug|Any CPU
		{14FC61CB-F6E9-444B-B40A-B949099F960F}.Debug|ARM64.ActiveCfg = Debug|Any CPU
		{14FC61CB-F6E9-444B-B40A-B949099F960F}.Debug|ARM64.Build.0 = Debug|Any CPU
		{14FC61CB-F6E9-444B-B40A-B949099F960F}.Debug|x64.ActiveCfg = Debug|Any CPU
		{14FC61CB-F6E9-444B-B40A-B949099F960F}.Debug|x64.Build.0 = Debug|Any CPU
		{14FC61CB-F6E9-444B-B40A-B949099F960F}.Debug|x86.ActiveCfg = Debug|Any CPU
		{14FC61CB-F6E9-444B-B40A-B949099F960F}.Debug|x86.Build.0 = Debug|Any CPU
		{14FC61CB-F6E9-444B-B40A-B949099F960F}.Release|Any CPU.ActiveCfg = Release|Any CPU
		{14FC61CB-F6E9-444B-B40A-B949099F960F}.Release|Any CPU.Build.0 = Release|Any CPU
		{14FC61CB-F6E9-444B-B40A-B949099F960F}.Release|ARM64.ActiveCfg = Release|Any CPU
		{14FC61CB-F6E9-444B-B40A-B949099F960F}.Release|ARM64.Build.0 = Release|Any CPU
		{14FC61CB-F6E9-444B-B40A-B949099F960F}.Release|x64.ActiveCfg = Release|Any CPU
		{14FC61CB-F6E9-444B-B40A-B949099F960F}.Release|x64.Build.0 = Release|Any CPU
		{14FC61CB-F6E9-444B-B40A-B949099F960F}.Release|x86.ActiveCfg = Release|Any CPU
		{14FC61CB-F6E9-444B-B40A-B949099F960F}.Release|x86.Build.0 = Release|Any CPU
		{5627A4AB-D4C4-45D6-9D74-172581FA29E9}.Debug|Any CPU.ActiveCfg = Debug|Any CPU
		{5627A4AB-D4C4-45D6-9D74-172581FA29E9}.Debug|Any CPU.Build.0 = Debug|Any CPU
		{5627A4AB-D4C4-45D6-9D74-172581FA29E9}.Debug|ARM64.ActiveCfg = Debug|Any CPU
		{5627A4AB-D4C4-45D6-9D74-172581FA29E9}.Debug|ARM64.Build.0 = Debug|Any CPU
		{5627A4AB-D4C4-45D6-9D74-172581FA29E9}.Debug|x64.ActiveCfg = Debug|Any CPU
		{5627A4AB-D4C4-45D6-9D74-172581FA29E9}.Debug|x64.Build.0 = Debug|Any CPU
		{5627A4AB-D4C4-45D6-9D74-172581FA29E9}.Debug|x86.ActiveCfg = Debug|Any CPU
		{5627A4AB-D4C4-45D6-9D74-172581FA29E9}.Debug|x86.Build.0 = Debug|Any CPU
		{5627A4AB-D4C4-45D6-9D74-172581FA29E9}.Release|Any CPU.ActiveCfg = Release|Any CPU
		{5627A4AB-D4C4-45D6-9D74-172581FA29E9}.Release|Any CPU.Build.0 = Release|Any CPU
		{5627A4AB-D4C4-45D6-9D74-172581FA29E9}.Release|ARM64.ActiveCfg = Release|Any CPU
		{5627A4AB-D4C4-45D6-9D74-172581FA29E9}.Release|ARM64.Build.0 = Release|Any CPU
		{5627A4AB-D4C4-45D6-9D74-172581FA29E9}.Release|x64.ActiveCfg = Release|Any CPU
		{5627A4AB-D4C4-45D6-9D74-172581FA29E9}.Release|x64.Build.0 = Release|Any CPU
		{5627A4AB-D4C4-45D6-9D74-172581FA29E9}.Release|x86.ActiveCfg = Release|Any CPU
		{5627A4AB-D4C4-45D6-9D74-172581FA29E9}.Release|x86.Build.0 = Release|Any CPU
		{3FB490B3-EF6A-449D-92AF-358044B5230E}.Debug|Any CPU.ActiveCfg = Debug|Any CPU
		{3FB490B3-EF6A-449D-92AF-358044B5230E}.Debug|Any CPU.Build.0 = Debug|Any CPU
		{3FB490B3-EF6A-449D-92AF-358044B5230E}.Debug|ARM64.ActiveCfg = Debug|Any CPU
		{3FB490B3-EF6A-449D-92AF-358044B5230E}.Debug|ARM64.Build.0 = Debug|Any CPU
		{3FB490B3-EF6A-449D-92AF-358044B5230E}.Debug|x64.ActiveCfg = Debug|Any CPU
		{3FB490B3-EF6A-449D-92AF-358044B5230E}.Debug|x64.Build.0 = Debug|Any CPU
		{3FB490B3-EF6A-449D-92AF-358044B5230E}.Debug|x86.ActiveCfg = Debug|Any CPU
		{3FB490B3-EF6A-449D-92AF-358044B5230E}.Debug|x86.Build.0 = Debug|Any CPU
		{3FB490B3-EF6A-449D-92AF-358044B5230E}.Release|Any CPU.ActiveCfg = Release|Any CPU
		{3FB490B3-EF6A-449D-92AF-358044B5230E}.Release|Any CPU.Build.0 = Release|Any CPU
		{3FB490B3-EF6A-449D-92AF-358044B5230E}.Release|ARM64.ActiveCfg = Release|Any CPU
		{3FB490B3-EF6A-449D-92AF-358044B5230E}.Release|ARM64.Build.0 = Release|Any CPU
		{3FB490B3-EF6A-449D-92AF-358044B5230E}.Release|x64.ActiveCfg = Release|Any CPU
		{3FB490B3-EF6A-449D-92AF-358044B5230E}.Release|x64.Build.0 = Release|Any CPU
		{3FB490B3-EF6A-449D-92AF-358044B5230E}.Release|x86.ActiveCfg = Release|Any CPU
		{3FB490B3-EF6A-449D-92AF-358044B5230E}.Release|x86.Build.0 = Release|Any CPU
		{280FD48B-8915-44B2-A0CA-1F93B3EC70AC}.Debug|Any CPU.ActiveCfg = Debug|Any CPU
		{280FD48B-8915-44B2-A0CA-1F93B3EC70AC}.Debug|Any CPU.Build.0 = Debug|Any CPU
		{280FD48B-8915-44B2-A0CA-1F93B3EC70AC}.Debug|ARM64.ActiveCfg = Debug|Any CPU
		{280FD48B-8915-44B2-A0CA-1F93B3EC70AC}.Debug|ARM64.Build.0 = Debug|Any CPU
		{280FD48B-8915-44B2-A0CA-1F93B3EC70AC}.Debug|x64.ActiveCfg = Debug|Any CPU
		{280FD48B-8915-44B2-A0CA-1F93B3EC70AC}.Debug|x64.Build.0 = Debug|Any CPU
		{280FD48B-8915-44B2-A0CA-1F93B3EC70AC}.Debug|x86.ActiveCfg = Debug|Any CPU
		{280FD48B-8915-44B2-A0CA-1F93B3EC70AC}.Debug|x86.Build.0 = Debug|Any CPU
		{280FD48B-8915-44B2-A0CA-1F93B3EC70AC}.Release|Any CPU.ActiveCfg = Release|Any CPU
		{280FD48B-8915-44B2-A0CA-1F93B3EC70AC}.Release|Any CPU.Build.0 = Release|Any CPU
		{280FD48B-8915-44B2-A0CA-1F93B3EC70AC}.Release|ARM64.ActiveCfg = Release|Any CPU
		{280FD48B-8915-44B2-A0CA-1F93B3EC70AC}.Release|ARM64.Build.0 = Release|Any CPU
		{280FD48B-8915-44B2-A0CA-1F93B3EC70AC}.Release|x64.ActiveCfg = Release|Any CPU
		{280FD48B-8915-44B2-A0CA-1F93B3EC70AC}.Release|x64.Build.0 = Release|Any CPU
		{280FD48B-8915-44B2-A0CA-1F93B3EC70AC}.Release|x86.ActiveCfg = Release|Any CPU
		{280FD48B-8915-44B2-A0CA-1F93B3EC70AC}.Release|x86.Build.0 = Release|Any CPU
		{69ED3167-4C54-443D-9F94-3A3CEF8F2DCF}.Debug|Any CPU.ActiveCfg = Debug|x64
		{69ED3167-4C54-443D-9F94-3A3CEF8F2DCF}.Debug|Any CPU.Build.0 = Debug|x64
		{69ED3167-4C54-443D-9F94-3A3CEF8F2DCF}.Debug|ARM64.ActiveCfg = Debug|ARM64
		{69ED3167-4C54-443D-9F94-3A3CEF8F2DCF}.Debug|ARM64.Build.0 = Debug|ARM64
		{69ED3167-4C54-443D-9F94-3A3CEF8F2DCF}.Debug|x64.ActiveCfg = Debug|x64
		{69ED3167-4C54-443D-9F94-3A3CEF8F2DCF}.Debug|x64.Build.0 = Debug|x64
		{69ED3167-4C54-443D-9F94-3A3CEF8F2DCF}.Debug|x86.ActiveCfg = Debug|x86
		{69ED3167-4C54-443D-9F94-3A3CEF8F2DCF}.Debug|x86.Build.0 = Debug|x86
		{69ED3167-4C54-443D-9F94-3A3CEF8F2DCF}.Release|Any CPU.ActiveCfg = Release|x64
		{69ED3167-4C54-443D-9F94-3A3CEF8F2DCF}.Release|Any CPU.Build.0 = Release|x64
		{69ED3167-4C54-443D-9F94-3A3CEF8F2DCF}.Release|ARM64.ActiveCfg = Release|ARM64
		{69ED3167-4C54-443D-9F94-3A3CEF8F2DCF}.Release|ARM64.Build.0 = Release|ARM64
		{69ED3167-4C54-443D-9F94-3A3CEF8F2DCF}.Release|x64.ActiveCfg = Release|x64
		{69ED3167-4C54-443D-9F94-3A3CEF8F2DCF}.Release|x64.Build.0 = Release|x64
		{69ED3167-4C54-443D-9F94-3A3CEF8F2DCF}.Release|x86.ActiveCfg = Release|x86
		{69ED3167-4C54-443D-9F94-3A3CEF8F2DCF}.Release|x86.Build.0 = Release|x86
	EndGlobalSection
	GlobalSection(SolutionProperties) = preSolution
		HideSolutionNode = FALSE
	EndGlobalSection
	GlobalSection(ExtensibilityGlobals) = postSolution
		SolutionGuid = {DA0A24E8-8974-4583-AB69-CBAF86F920C1}
	EndGlobalSection
EndGlobal
